
Microsoft Visual Studio Solution File, Format Version 12.00
# Visual Studio Version 16
VisualStudioVersion = 16.0.31515.178
MinimumVisualStudioVersion = 10.0.40219.1
Project("{FAE04EC0-301F-11D3-BF4B-00C04F79EFBC}") = "Riproduttore musicale queue", "Riproduttore musicale queue\Riproduttore musicale queue.csproj", "{F6F38D7B-FF71-483F-8860-FF5A11A0DEAC}"
EndProject
Global
	GlobalSection(SolutionConfigurationPlatforms) = preSolution
		Debug|Any CPU = Debug|Any CPU
		Release|Any CPU = Release|Any CPU
	EndGlobalSection
	GlobalSection(ProjectConfigurationPlatforms) = postSolution
		{F6F38D7B-FF71-483F-8860-FF5A11A0DEAC}.Debug|Any CPU.ActiveCfg = Debug|Any CPU
		{F6F38D7B-FF71-483F-8860-FF5A11A0DEAC}.Debug|Any CPU.Build.0 = Debug|Any CPU
		{F6F38D7B-FF71-483F-8860-FF5A11A0DEAC}.Release|Any CPU.ActiveCfg = Release|Any CPU
		{F6F38D7B-FF71-483F-8860-FF5A11A0DEAC}.Release|Any CPU.Build.0 = Release|Any CPU
	EndGlobalSection
	GlobalSection(SolutionProperties) = preSolution
		HideSolutionNode = FALSE
	EndGlobalSection
	GlobalSection(ExtensibilityGlobals) = postSolution
		SolutionGuid = {2CFA89E3-5F9B-4CB6-8221-4D0A9EF0CA28}
	EndGlobalSection
EndGlobal
